
Microsoft Visual Studio Solution File, Format Version 12.00
# Visual Studio Version 16
VisualStudioVersion = 16.0.29519.181
MinimumVisualStudioVersion = 10.0.40219.1
Project("{FAE04EC0-301F-11D3-BF4B-00C04F79EFBC}") = "VersionamentoApi", "VersionamentoApi\VersionamentoApi.csproj", "{1E82BB3A-D545-4629-8B2C-9378270D5460}"
EndProject
Global
	GlobalSection(SolutionConfigurationPlatforms) = preSolution
		Debug|Any CPU = Debug|Any CPU
		Release|Any CPU = Release|Any CPU
	EndGlobalSection
	GlobalSection(ProjectConfigurationPlatforms) = postSolution
		{1E82BB3A-D545-4629-8B2C-9378270D5460}.Debug|Any CPU.ActiveCfg = Debug|Any CPU
		{1E82BB3A-D545-4629-8B2C-9378270D5460}.Debug|Any CPU.Build.0 = Debug|Any CPU
		{1E82BB3A-D545-4629-8B2C-9378270D5460}.Release|Any CPU.ActiveCfg = Release|Any CPU
		{1E82BB3A-D545-4629-8B2C-9378270D5460}.Release|Any CPU.Build.0 = Release|Any CPU
	EndGlobalSection
	GlobalSection(SolutionProperties) = preSolution
		HideSolutionNode = FALSE
	EndGlobalSection
	GlobalSection(ExtensibilityGlobals) = postSolution
		SolutionGuid = {B592910B-CCEC-4266-98B4-C1E25782981E}
	EndGlobalSection
EndGlobal
